
Microsoft Visual Studio Solution File, Format Version 12.00
# Visual Studio 15
VisualStudioVersion = 15.0.28307.645
MinimumVisualStudioVersion = 10.0.40219.1
Project("{8BC9CEB8-8B4A-11D0-8D11-00A0C91BC942}") = "Chapter 1 Vector Algebra", "Chapter 1 Vector Algebra\Chapter 1 Vector Algebra.vcxproj", "{49A7FA10-D0F9-4602-A87F-A804A0DF00C6}"
EndProject
Project("{8BC9CEB8-8B4A-11D0-8D11-00A0C91BC942}") = "Chapter 2 Matrix Algebra", "Chapter 2 Matrix Algebra\Chapter 2 Matrix Algebra.vcxproj", "{738FB9A7-CA73-4B33-8A6E-831B841ACAD0}"
EndProject
Project("{8BC9CEB8-8B4A-11D0-8D11-00A0C91BC942}") = "Chapter 4 Init", "Chapter 4 Init\Chapter 4 Init.vcxproj", "{9C40D128-76B2-425A-BA37-E30DFDD45890}"
EndProject
Project("{8BC9CEB8-8B4A-11D0-8D11-00A0C91BC942}") = "Chapter 6 Box", "Chapter 6 Box\Chapter 6 Box.vcxproj", "{2898D03C-0DC8-4B20-8698-90558D6DE051}"
EndProject
Project("{8BC9CEB8-8B4A-11D0-8D11-00A0C91BC942}") = "Chapter 6 Exercises", "Chapter 6 Exercises\Chapter 6 Exercises.vcxproj", "{9A16F5A7-FD92-4FB2-A5E1-078448A5D98F}"
EndProject
Global
	GlobalSection(SolutionConfigurationPlatforms) = preSolution
		Debug|x64 = Debug|x64
		Debug|x86 = Debug|x86
		Release|x64 = Release|x64
		Release|x86 = Release|x86
	EndGlobalSection
	GlobalSection(ProjectConfigurationPlatforms) = postSolution
		{49A7FA10-D0F9-4602-A87F-A804A0DF00C6}.Debug|x64.ActiveCfg = Debug|x64
		{49A7FA10-D0F9-4602-A87F-A804A0DF00C6}.Debug|x64.Build.0 = Debug|x64
		{49A7FA10-D0F9-4602-A87F-A804A0DF00C6}.Debug|x86.ActiveCfg = Debug|Win32
		{49A7FA10-D0F9-4602-A87F-A804A0DF00C6}.Debug|x86.Build.0 = Debug|Win32
		{49A7FA10-D0F9-4602-A87F-A804A0DF00C6}.Release|x64.ActiveCfg = Release|x64
		{49A7FA10-D0F9-4602-A87F-A804A0DF00C6}.Release|x64.Build.0 = Release|x64
		{49A7FA10-D0F9-4602-A87F-A804A0DF00C6}.Release|x86.ActiveCfg = Release|Win32
		{49A7FA10-D0F9-4602-A87F-A804A0DF00C6}.Release|x86.Build.0 = Release|Win32
		{738FB9A7-CA73-4B33-8A6E-831B841ACAD0}.Debug|x64.ActiveCfg = Debug|x64
		{738FB9A7-CA73-4B33-8A6E-831B841ACAD0}.Debug|x64.Build.0 = Debug|x64
		{738FB9A7-CA73-4B33-8A6E-831B841ACAD0}.Debug|x86.ActiveCfg = Debug|Win32
		{738FB9A7-CA73-4B33-8A6E-831B841ACAD0}.Debug|x86.Build.0 = Debug|Win32
		{738FB9A7-CA73-4B33-8A6E-831B841ACAD0}.Release|x64.ActiveCfg = Release|x64
		{738FB9A7-CA73-4B33-8A6E-831B841ACAD0}.Release|x64.Build.0 = Release|x64
		{738FB9A7-CA73-4B33-8A6E-831B841ACAD0}.Release|x86.ActiveCfg = Release|Win32
		{738FB9A7-CA73-4B33-8A6E-831B841ACAD0}.Release|x86.Build.0 = Release|Win32
		{9C40D128-76B2-425A-BA37-E30DFDD45890}.Debug|x64.ActiveCfg = Debug|x64
		{9C40D128-76B2-425A-BA37-E30DFDD45890}.Debug|x64.Build.0 = Debug|x64
		{9C40D128-76B2-425A-BA37-E30DFDD45890}.Debug|x86.ActiveCfg = Debug|Win32
		{9C40D128-76B2-425A-BA37-E30DFDD45890}.Debug|x86.Build.0 = Debug|Win32
		{9C40D128-76B2-425A-BA37-E30DFDD45890}.Release|x64.ActiveCfg = Release|x64
		{9C40D128-76B2-425A-BA37-E30DFDD45890}.Release|x64.Build.0 = Release|x64
		{9C40D128-76B2-425A-BA37-E30DFDD45890}.Release|x86.ActiveCfg = Release|Win32
		{9C40D128-76B2-425A-BA37-E30DFDD45890}.Release|x86.Build.0 = Release|Win32
		{2898D03C-0DC8-4B20-8698-90558D6DE051}.Debug|x64.ActiveCfg = Debug|x64
		{2898D03C-0DC8-4B20-8698-90558D6DE051}.Debug|x64.Build.0 = Debug|x64
		{2898D03C-0DC8-4B20-8698-90558D6DE051}.Debug|x86.ActiveCfg = Debug|Win32
		{2898D03C-0DC8-4B20-8698-90558D6DE051}.Debug|x86.Build.0 = Debug|Win32
		{2898D03C-0DC8-4B20-8698-90558D6DE051}.Release|x64.ActiveCfg = Release|x64
		{2898D03C-0DC8-4B20-8698-90558D6DE051}.Release|x64.Build.0 = Release|x64
		{2898D03C-0DC8-4B20-8698-90558D6DE051}.Release|x86.ActiveCfg = Release|Win32
		{2898D03C-0DC8-4B20-8698-90558D6DE051}.Release|x86.Build.0 = Release|Win32
		{9A16F5A7-FD92-4FB2-A5E1-078448A5D98F}.Debug|x64.ActiveCfg = Debug|x64
		{9A16F5A7-FD92-4FB2-A5E1-078448A5D98F}.Debug|x64.Build.0 = Debug|x64
		{9A16F5A7-FD92-4FB2-A5E1-078448A5D98F}.Debug|x86.ActiveCfg = Debug|Win32
		{9A16F5A7-FD92-4FB2-A5E1-078448A5D98F}.Debug|x86.Build.0 = Debug|Win32
		{9A16F5A7-FD92-4FB2-A5E1-078448A5D98F}.Release|x64.ActiveCfg = Release|x64
		{9A16F5A7-FD92-4FB2-A5E1-078448A5D98F}.Release|x64.Build.0 = Release|x64
		{9A16F5A7-FD92-4FB2-A5E1-078448A5D98F}.Release|x86.ActiveCfg = Release|Win32
		{9A16F5A7-FD92-4FB2-A5E1-078448A5D98F}.Release|x86.Build.0 = Release|Win32
	EndGlobalSection
	GlobalSection(SolutionProperties) = preSolution
		HideSolutionNode = FALSE
	EndGlobalSection
	GlobalSection(ExtensibilityGlobals) = postSolution
		SolutionGuid = {38BF05AF-0704-4C94-93DC-58096DD342B4}
	EndGlobalSection
EndGlobal
